Microsoft Visual Studio Solution File, Format Version 12.00
# Visual Studio Express 2012 for Windows Desktop
Project("{FAE04EC0-301F-11D3-BF4B-00C04F79EFBC}") = "Words2.App", "..\source\Words2.App\Words2.App.csproj", "{5999D736-7DF4-4ECC-873C-ED6A142BA260}"
EndProject
Project("{FAE04EC0-301F-11D3-BF4B-00C04F79EFBC}") = "Words2.Core", "..\source\Words2.Core\Words2.Core.csproj", "{4A77E9D4-1445-4824-88BC-EB1636F5334C}"
EndProject
Project("{FAE04EC0-301F-11D3-BF4B-00C04F79EFBC}") = "Words2.Test.Unit", "..\test\Words2.Test.Unit\Words2.Test.Unit.csproj", "{0D570CAC-343C-4751-A702-C2E5E40C992E}"
EndProject
Global
	GlobalSection(SolutionConfigurationPlatforms) = preSolution
		Debug|Any CPU = Debug|Any CPU
		Release|Any CPU = Release|Any CPU
	EndGlobalSection
	GlobalSection(ProjectConfigurationPlatforms) = postSolution
		{5999D736-7DF4-4ECC-873C-ED6A142BA260}.Debug|Any CPU.ActiveCfg = Debug|Any CPU
		{5999D736-7DF4-4ECC-873C-ED6A142BA260}.Debug|Any CPU.Build.0 = Debug|Any CPU
		{5999D736-7DF4-4ECC-873C-ED6A142BA260}.Release|Any CPU.ActiveCfg = Release|Any CPU
		{5999D736-7DF4-4ECC-873C-ED6A142BA260}.Release|Any CPU.Build.0 = Release|Any CPU
		{4A77E9D4-1445-4824-88BC-EB1636F5334C}.Debug|Any CPU.ActiveCfg = Debug|Any CPU
		{4A77E9D4-1445-4824-88BC-EB1636F5334C}.Debug|Any CPU.Build.0 = Debug|Any CPU
		{4A77E9D4-1445-4824-88BC-EB1636F5334C}.Release|Any CPU.ActiveCfg = Release|Any CPU
		{4A77E9D4-1445-4824-88BC-EB1636F5334C}.Release|Any CPU.Build.0 = Release|Any CPU
		{0D570CAC-343C-4751-A702-C2E5E40C992E}.Debug|Any CPU.ActiveCfg = Debug|Any CPU
		{0D570CAC-343C-4751-A702-C2E5E40C992E}.Debug|Any CPU.Build.0 = Debug|Any CPU
		{0D570CAC-343C-4751-A702-C2E5E40C992E}.Release|Any CPU.ActiveCfg = Release|Any CPU
		{0D570CAC-343C-4751-A702-C2E5E40C992E}.Release|Any CPU.Build.0 = Release|Any CPU
	EndGlobalSection
	GlobalSection(SolutionProperties) = preSolution
		HideSolutionNode = FALSE
	EndGlobalSection
EndGlobal
